
Microsoft Visual Studio Solution File, Format Version 12.00
# Visual Studio Version 17
VisualStudioVersion = 17.2.32616.157
MinimumVisualStudioVersion = 10.0.40219.1
Project("{FAE04EC0-301F-11D3-BF4B-00C04F79EFBC}") = "WakeMobile.Android", "WakeMobile\WakeMobile.Android\WakeMobile.Android.csproj", "{26025DD5-6624-45AD-836F-4840C5650AB2}"
EndProject
Project("{FAE04EC0-301F-11D3-BF4B-00C04F79EFBC}") = "WakeMobile.iOS", "WakeMobile\WakeMobile.iOS\WakeMobile.iOS.csproj", "{44B68B65-3F8D-4A5B-9D04-61A871F3EAAF}"
EndProject
Project("{FAE04EC0-301F-11D3-BF4B-00C04F79EFBC}") = "WakeMobile", "WakeMobile\WakeMobile\WakeMobile.csproj", "{791E2938-113F-4FF0-9343-D6FB0BEE828F}"
EndProject
Global
	GlobalSection(SolutionConfigurationPlatforms) = preSolution
		Debug|Any CPU = Debug|Any CPU
		Debug|iPhone = Debug|iPhone
		Debug|iPhoneSimulator = Debug|iPhoneSimulator
		Release|Any CPU = Release|Any CPU
		Release|iPhone = Release|iPhone
		Release|iPhoneSimulator = Release|iPhoneSimulator
	EndGlobalSection
	GlobalSection(ProjectConfigurationPlatforms) = postSolution
		{26025DD5-6624-45AD-836F-4840C5650AB2}.Debug|Any CPU.ActiveCfg = Debug|Any CPU
		{26025DD5-6624-45AD-836F-4840C5650AB2}.Debug|Any CPU.Build.0 = Debug|Any CPU
		{26025DD5-6624-45AD-836F-4840C5650AB2}.Debug|Any CPU.Deploy.0 = Debug|Any CPU
		{26025DD5-6624-45AD-836F-4840C5650AB2}.Debug|iPhone.ActiveCfg = Debug|Any CPU
		{26025DD5-6624-45AD-836F-4840C5650AB2}.Debug|iPhone.Build.0 = Debug|Any CPU
		{26025DD5-6624-45AD-836F-4840C5650AB2}.Debug|iPhone.Deploy.0 = Debug|Any CPU
		{26025DD5-6624-45AD-836F-4840C5650AB2}.Debug|iPhoneSimulator.ActiveCfg = Debug|Any CPU
		{26025DD5-6624-45AD-836F-4840C5650AB2}.Debug|iPhoneSimulator.Build.0 = Debug|Any CPU
		{26025DD5-6624-45AD-836F-4840C5650AB2}.Debug|iPhoneSimulator.Deploy.0 = Debug|Any CPU
		{26025DD5-6624-45AD-836F-4840C5650AB2}.Release|Any CPU.ActiveCfg = Release|Any CPU
		{26025DD5-6624-45AD-836F-4840C5650AB2}.Release|Any CPU.Build.0 = Release|Any CPU
		{26025DD5-6624-45AD-836F-4840C5650AB2}.Release|Any CPU.Deploy.0 = Release|Any CPU
		{26025DD5-6624-45AD-836F-4840C5650AB2}.Release|iPhone.ActiveCfg = Release|Any CPU
		{26025DD5-6624-45AD-836F-4840C5650AB2}.Release|iPhone.Build.0 = Release|Any CPU
		{26025DD5-6624-45AD-836F-4840C5650AB2}.Release|iPhone.Deploy.0 = Release|Any CPU
		{26025DD5-6624-45AD-836F-4840C5650AB2}.Release|iPhoneSimulator.ActiveCfg = Release|Any CPU
		{26025DD5-6624-45AD-836F-4840C5650AB2}.Release|iPhoneSimulator.Build.0 = Release|Any CPU
		{26025DD5-6624-45AD-836F-4840C5650AB2}.Release|iPhoneSimulator.Deploy.0 = Release|Any CPU
		{44B68B65-3F8D-4A5B-9D04-61A871F3EAAF}.Debug|Any CPU.ActiveCfg = Debug|iPhone
		{44B68B65-3F8D-4A5B-9D04-61A871F3EAAF}.Debug|Any CPU.Build.0 = Debug|iPhone
		{44B68B65-3F8D-4A5B-9D04-61A871F3EAAF}.Debug|Any CPU.Deploy.0 = Debug|iPhone
		{44B68B65-3F8D-4A5B-9D04-61A871F3EAAF}.Debug|iPhone.ActiveCfg = Debug|iPhone
		{44B68B65-3F8D-4A5B-9D04-61A871F3EAAF}.Debug|iPhone.Build.0 = Debug|iPhone
		{44B68B65-3F8D-4A5B-9D04-61A871F3EAAF}.Debug|iPhone.Deploy.0 = Debug|iPhone
		{44B68B65-3F8D-4A5B-9D04-61A871F3EAAF}.Debug|iPhoneSimulator.ActiveCfg = Debug|iPhoneSimulator
		{44B68B65-3F8D-4A5B-9D04-61A871F3EAAF}.Debug|iPhoneSimulator.Build.0 = Debug|iPhoneSimulator
		{44B68B65-3F8D-4A5B-9D04-61A871F3EAAF}.Debug|iPhoneSimulator.Deploy.0 = Debug|iPhoneSimulator
		{44B68B65-3F8D-4A5B-9D04-61A871F3EAAF}.Release|Any CPU.ActiveCfg = Release|iPhoneSimulator
		{44B68B65-3F8D-4A5B-9D04-61A871F3EAAF}.Release|Any CPU.Build.0 = Release|iPhoneSimulator
		{44B68B65-3F8D-4A5B-9D04-61A871F3EAAF}.Release|Any CPU.Deploy.0 = Release|iPhoneSimulator
		{44B68B65-3F8D-4A5B-9D04-61A871F3EAAF}.Release|iPhone.ActiveCfg = Release|iPhone
		{44B68B65-3F8D-4A5B-9D04-61A871F3EAAF}.Release|iPhone.Build.0 = Release|iPhone
		{44B68B65-3F8D-4A5B-9D04-61A871F3EAAF}.Release|iPhone.Deploy.0 = Release|iPhone
		{44B68B65-3F8D-4A5B-9D04-61A871F3EAAF}.Release|iPhoneSimulator.ActiveCfg = Release|iPhoneSimulator
		{44B68B65-3F8D-4A5B-9D04-61A871F3EAAF}.Release|iPhoneSimulator.Build.0 = Release|iPhoneSimulator
		{44B68B65-3F8D-4A5B-9D04-61A871F3EAAF}.Release|iPhoneSimulator.Deploy.0 = Release|iPhoneSimulator
		{791E2938-113F-4FF0-9343-D6FB0BEE828F}.Debug|Any CPU.ActiveCfg = Debug|Any CPU
		{791E2938-113F-4FF0-9343-D6FB0BEE828F}.Debug|Any CPU.Build.0 = Debug|Any CPU
		{791E2938-113F-4FF0-9343-D6FB0BEE828F}.Debug|Any CPU.Deploy.0 = Debug|Any CPU
		{791E2938-113F-4FF0-9343-D6FB0BEE828F}.Debug|iPhone.ActiveCfg = Debug|Any CPU
		{791E2938-113F-4FF0-9343-D6FB0BEE828F}.Debug|iPhone.Build.0 = Debug|Any CPU
		{791E2938-113F-4FF0-9343-D6FB0BEE828F}.Debug|iPhone.Deploy.0 = Debug|Any CPU
		{791E2938-113F-4FF0-9343-D6FB0BEE828F}.Debug|iPhoneSimulator.ActiveCfg = Debug|Any CPU
		{791E2938-113F-4FF0-9343-D6FB0BEE828F}.Debug|iPhoneSimulator.Build.0 = Debug|Any CPU
		{791E2938-113F-4FF0-9343-D6FB0BEE828F}.Debug|iPhoneSimulator.Deploy.0 = Debug|Any CPU
		{791E2938-113F-4FF0-9343-D6FB0BEE828F}.Release|Any CPU.ActiveCfg = Release|Any CPU
		{791E2938-113F-4FF0-9343-D6FB0BEE828F}.Release|Any CPU.Build.0 = Release|Any CPU
		{791E2938-113F-4FF0-9343-D6FB0BEE828F}.Release|Any CPU.Deploy.0 = Release|Any CPU
		{791E2938-113F-4FF0-9343-D6FB0BEE828F}.Release|iPhone.ActiveCfg = Release|Any CPU
		{791E2938-113F-4FF0-9343-D6FB0BEE828F}.Release|iPhone.Build.0 = Release|Any CPU
		{791E2938-113F-4FF0-9343-D6FB0BEE828F}.Release|iPhone.Deploy.0 = Release|Any CPU
		{791E2938-113F-4FF0-9343-D6FB0BEE828F}.Release|iPhoneSimulator.ActiveCfg = Release|Any CPU
		{791E2938-113F-4FF0-9343-D6FB0BEE828F}.Release|iPhoneSimulator.Build.0 = Release|Any CPU
		{791E2938-113F-4FF0-9343-D6FB0BEE828F}.Release|iPhoneSimulator.Deploy.0 = Release|Any CPU
	EndGlobalSection
	GlobalSection(SolutionProperties) = preSolution
		HideSolutionNode = FALSE
	EndGlobalSection
	GlobalSection(ExtensibilityGlobals) = postSolution
		SolutionGuid = {C3989848-C068-4C3E-93FC-5CE202A5D83F}
	EndGlobalSection
EndGlobal
